# This file is autogenerated, do not edit; changes may be undone by the next 'dep ensure'.


[[projects]]
  digest = "1:9f3b30d9f8e0d7040f729b82dcbc8f0dead820a133b3147ce355fc451f32d761"
  name = "github.com/BurntSushi/toml"
  packages = ["."]
  pruneopts = "UT"
  revision = "3012a1dbe2e4bd1391d42b32f0577cb7bbc7f005"
  version = "v0.3.1"

[[projects]]
  branch = "master"
  digest = "1:454adc7f974228ff789428b6dc098638c57a64aa0718f0bd61e53d3cd39d7a75"
  name = "github.com/chzyer/readline"
  packages = ["."]
  pruneopts = "UT"
  revision = "2972be24d48e78746da79ba8e24e8b488c9880de"

[[projects]]
  branch = "master"
  digest = "1:e51f40f0c19b39c1825eadd07d5c0a98a2ad5942b166d9fc4f54750ce9a04810"
  name = "github.com/juju/ansiterm"
  packages = [
    ".",
    "tabwriter",
  ]
  pruneopts = "UT"
  revision = "720a0952cc2ac777afc295d9861263e2a4cf96a1"

[[projects]]
  digest = "1:2dc8db55c5b223e6cd50aa7915e698cfcf56d1ddfa89bbbf65e24729e0a0200a"
  name = "github.com/lunixbochs/vtclean"
  packages = ["."]
  pruneopts = "UT"
  revision = "88cfb0c2efe8ed7b0ccf0af83db39359829027bb"
  version = "v1.0.0"

[[projects]]
  digest = "1:f2b92e72b56816dae962f7682fe8a9ff9689e51e26fef937910a1704e8514336"
  name = "github.com/manifoldco/promptui"
  packages = [
    ".",
    "list",
    "screenbuf",
  ]
  pruneopts = "UT"
  revision = "e15db710812c111cce939cc7028ca3d15a6e7b8b"
  version = "v0.7.0"

[[projects]]
  digest = "1:0109cf4321a15313ec895f42e723e1f76121c6975ea006abfa20012272ec0937"
  name = "github.com/mattn/go-colorable"
  packages = ["."]
  pruneopts = "UT"
  revision = "68e95eba382c972aafde02ead2cd2426a8a92480"
  version = "v0.1.6"

[[projects]]
  digest = "1:0c58d31abe2a2ccb429c559b6292e7df89dcda675456fecc282fa90aa08273eb"
  name = "github.com/mattn/go-isatty"
  packages = ["."]
  pruneopts = "UT"
  revision = "7b513a986450394f7bbf1476909911b3aa3a55ce"
  version = "v0.0.12"

[[projects]]
  branch = "master"
  digest = "1:8d59aa6f03198132e0ca3bf998677f9698e1e27fc67976c85d85086ac3496530"
  name = "golang.org/x/sys"
  packages = ["unix"]
  pruneopts = "UT"
  revision = "5c8b2ff67527cb88b770f693cebf3799036d8bc0"

[solve-meta]
  analyzer-name = "dep"
  analyzer-version = 1
  input-imports = [
    "github.com/BurntSushi/toml",
    "github.com/manifoldco/promptui",
  ]
  solver-name = "gps-cdcl"
  solver-version = 1
